
Microsoft Visual Studio Solution File, Format Version 12.00
# Visual Studio Version 17
VisualStudioVersion = 17.8.34330.188
MinimumVisualStudioVersion = 10.0.40219.1
Project("{FAE04EC0-301F-11D3-BF4B-00C04F79EFBC}") = "BBB", "BBB.csproj", "{79AEB454-EBAD-4A80-9E93-8FB4531B88AA}"
EndProject
Project("{FAE04EC0-301F-11D3-BF4B-00C04F79EFBC}") = "UnitTesting", "UnitTesting\UnitTesting.csproj", "{97C4BB24-0711-46D9-AC74-C0556BC9747E}"
EndProject
Global
	GlobalSection(SolutionConfigurationPlatforms) = preSolution
		Debug|Any CPU = Debug|Any CPU
		Release|Any CPU = Release|Any CPU
	EndGlobalSection
	GlobalSection(ProjectConfigurationPlatforms) = postSolution
		{79AEB454-EBAD-4A80-9E93-8FB4531B88AA}.Debug|Any CPU.ActiveCfg = Release|Any CPU
		{79AEB454-EBAD-4A80-9E93-8FB4531B88AA}.Debug|Any CPU.Build.0 = Release|Any CPU
		{79AEB454-EBAD-4A80-9E93-8FB4531B88AA}.Release|Any CPU.ActiveCfg = Debug|Any CPU
		{79AEB454-EBAD-4A80-9E93-8FB4531B88AA}.Release|Any CPU.Build.0 = Debug|Any CPU
		{97C4BB24-0711-46D9-AC74-C0556BC9747E}.Debug|Any CPU.ActiveCfg = Debug|Any CPU
		{97C4BB24-0711-46D9-AC74-C0556BC9747E}.Debug|Any CPU.Build.0 = Debug|Any CPU
		{97C4BB24-0711-46D9-AC74-C0556BC9747E}.Release|Any CPU.ActiveCfg = Debug|Any CPU
		{97C4BB24-0711-46D9-AC74-C0556BC9747E}.Release|Any CPU.Build.0 = Debug|Any CPU
	EndGlobalSection
	GlobalSection(SolutionProperties) = preSolution
		HideSolutionNode = FALSE
	EndGlobalSection
	GlobalSection(ExtensibilityGlobals) = postSolution
		SolutionGuid = {5A9F4606-2FA8-45ED-8E77-6DC738C96CFC}
	EndGlobalSection
EndGlobal
